
Microsoft Visual Studio Solution File, Format Version 12.00
# Visual Studio Version 16
VisualStudioVersion = 16.0.33423.256
MinimumVisualStudioVersion = 10.0.40219.1
Project("{FAE04EC0-301F-11D3-BF4B-00C04F79EFBC}") = "googleExcelReader", "googleExcelReader\googleExcelReader.csproj", "{EB995811-0779-45E5-AE6D-5ACA78594ABF}"
EndProject
Global
	GlobalSection(SolutionConfigurationPlatforms) = preSolution
		Debug|Any CPU = Debug|Any CPU
		Release|Any CPU = Release|Any CPU
	EndGlobalSection
	GlobalSection(ProjectConfigurationPlatforms) = postSolution
		{EB995811-0779-45E5-AE6D-5ACA78594ABF}.Debug|Any CPU.ActiveCfg = Debug|Any CPU
		{EB995811-0779-45E5-AE6D-5ACA78594ABF}.Debug|Any CPU.Build.0 = Debug|Any CPU
		{EB995811-0779-45E5-AE6D-5ACA78594ABF}.Release|Any CPU.ActiveCfg = Release|Any CPU
		{EB995811-0779-45E5-AE6D-5ACA78594ABF}.Release|Any CPU.Build.0 = Release|Any CPU
	EndGlobalSection
	GlobalSection(SolutionProperties) = preSolution
		HideSolutionNode = FALSE
	EndGlobalSection
	GlobalSection(ExtensibilityGlobals) = postSolution
		SolutionGuid = {C3403B62-7B67-4D2F-83EE-F7C10DFE723E}
	EndGlobalSection
EndGlobal
